
Microsoft Visual Studio Solution File, Format Version 12.00
# Visual Studio Version 16
VisualStudioVersion = 16.0.31727.386
MinimumVisualStudioVersion = 10.0.40219.1
Project("{FAE04EC0-301F-11D3-BF4B-00C04F79EFBC}") = "Running Times", "Running Times\Running Times.csproj", "{B00BFD75-56FF-4F7E-9F54-F1B3FB835D04}"
EndProject
Project("{FAE04EC0-301F-11D3-BF4B-00C04F79EFBC}") = "BonusPoints", "BonusPoints\BonusPoints.csproj", "{40A5810C-DF45-49F2-B3E9-2378B3C4F4F2}"
EndProject
Project("{FAE04EC0-301F-11D3-BF4B-00C04F79EFBC}") = "Time", "Time\Time.csproj", "{8D7C9E79-1306-4E54-B25E-B38891B38B1A}"
EndProject
Project("{FAE04EC0-301F-11D3-BF4B-00C04F79EFBC}") = "Toy Store", "Toy Store\Toy Store.csproj", "{E15CB351-E6EE-4892-A036-6700C78A72F2}"
EndProject
Project("{FAE04EC0-301F-11D3-BF4B-00C04F79EFBC}") = "Movie", "Movie\Movie.csproj", "{91487616-6A50-4DB9-B0A9-8119776C91CB}"
EndProject
Project("{FAE04EC0-301F-11D3-BF4B-00C04F79EFBC}") = "Shopping", "Shopping\Shopping.csproj", "{60145E7C-4A4C-4EFB-AE5E-7164B7BB2C70}"
EndProject
Project("{FAE04EC0-301F-11D3-BF4B-00C04F79EFBC}") = "Lunch Break", "Lunch Break\Lunch Break.csproj", "{47D5043B-7935-4ACD-BAA2-02614F8E433A}"
EndProject
Project("{FAE04EC0-301F-11D3-BF4B-00C04F79EFBC}") = "Swimming Record", "Swimming Record\Swimming Record.csproj", "{670F985C-280C-4672-918A-8BF7C6190F5F}"
EndProject
Global
	GlobalSection(SolutionConfigurationPlatforms) = preSolution
		Debug|Any CPU = Debug|Any CPU
		Release|Any CPU = Release|Any CPU
	EndGlobalSection
	GlobalSection(ProjectConfigurationPlatforms) = postSolution
		{B00BFD75-56FF-4F7E-9F54-F1B3FB835D04}.Debug|Any CPU.ActiveCfg = Debug|Any CPU
		{B00BFD75-56FF-4F7E-9F54-F1B3FB835D04}.Debug|Any CPU.Build.0 = Debug|Any CPU
		{B00BFD75-56FF-4F7E-9F54-F1B3FB835D04}.Release|Any CPU.ActiveCfg = Release|Any CPU
		{B00BFD75-56FF-4F7E-9F54-F1B3FB835D04}.Release|Any CPU.Build.0 = Release|Any CPU
		{40A5810C-DF45-49F2-B3E9-2378B3C4F4F2}.Debug|Any CPU.ActiveCfg = Debug|Any CPU
		{40A5810C-DF45-49F2-B3E9-2378B3C4F4F2}.Debug|Any CPU.Build.0 = Debug|Any CPU
		{40A5810C-DF45-49F2-B3E9-2378B3C4F4F2}.Release|Any CPU.ActiveCfg = Release|Any CPU
		{40A5810C-DF45-49F2-B3E9-2378B3C4F4F2}.Release|Any CPU.Build.0 = Release|Any CPU
		{8D7C9E79-1306-4E54-B25E-B38891B38B1A}.Debug|Any CPU.ActiveCfg = Debug|Any CPU
		{8D7C9E79-1306-4E54-B25E-B38891B38B1A}.Debug|Any CPU.Build.0 = Debug|Any CPU
		{8D7C9E79-1306-4E54-B25E-B38891B38B1A}.Release|Any CPU.ActiveCfg = Release|Any CPU
		{8D7C9E79-1306-4E54-B25E-B38891B38B1A}.Release|Any CPU.Build.0 = Release|Any CPU
		{E15CB351-E6EE-4892-A036-6700C78A72F2}.Debug|Any CPU.ActiveCfg = Debug|Any CPU
		{E15CB351-E6EE-4892-A036-6700C78A72F2}.Debug|Any CPU.Build.0 = Debug|Any CPU
		{E15CB351-E6EE-4892-A036-6700C78A72F2}.Release|Any CPU.ActiveCfg = Release|Any CPU
		{E15CB351-E6EE-4892-A036-6700C78A72F2}.Release|Any CPU.Build.0 = Release|Any CPU
		{91487616-6A50-4DB9-B0A9-8119776C91CB}.Debug|Any CPU.ActiveCfg = Debug|Any CPU
		{91487616-6A50-4DB9-B0A9-8119776C91CB}.Debug|Any CPU.Build.0 = Debug|Any CPU
		{91487616-6A50-4DB9-B0A9-8119776C91CB}.Release|Any CPU.ActiveCfg = Release|Any CPU
		{91487616-6A50-4DB9-B0A9-8119776C91CB}.Release|Any CPU.Build.0 = Release|Any CPU
		{60145E7C-4A4C-4EFB-AE5E-7164B7BB2C70}.Debug|Any CPU.ActiveCfg = Debug|Any CPU
		{60145E7C-4A4C-4EFB-AE5E-7164B7BB2C70}.Debug|Any CPU.Build.0 = Debug|Any CPU
		{60145E7C-4A4C-4EFB-AE5E-7164B7BB2C70}.Release|Any CPU.ActiveCfg = Release|Any CPU
		{60145E7C-4A4C-4EFB-AE5E-7164B7BB2C70}.Release|Any CPU.Build.0 = Release|Any CPU
		{47D5043B-7935-4ACD-BAA2-02614F8E433A}.Debug|Any CPU.ActiveCfg = Debug|Any CPU
		{47D5043B-7935-4ACD-BAA2-02614F8E433A}.Debug|Any CPU.Build.0 = Debug|Any CPU
		{47D5043B-7935-4ACD-BAA2-02614F8E433A}.Release|Any CPU.ActiveCfg = Release|Any CPU
		{47D5043B-7935-4ACD-BAA2-02614F8E433A}.Release|Any CPU.Build.0 = Release|Any CPU
		{670F985C-280C-4672-918A-8BF7C6190F5F}.Debug|Any CPU.ActiveCfg = Debug|Any CPU
		{670F985C-280C-4672-918A-8BF7C6190F5F}.Debug|Any CPU.Build.0 = Debug|Any CPU
		{670F985C-280C-4672-918A-8BF7C6190F5F}.Release|Any CPU.ActiveCfg = Release|Any CPU
		{670F985C-280C-4672-918A-8BF7C6190F5F}.Release|Any CPU.Build.0 = Release|Any CPU
	EndGlobalSection
	GlobalSection(SolutionProperties) = preSolution
		HideSolutionNode = FALSE
	EndGlobalSection
	GlobalSection(ExtensibilityGlobals) = postSolution
		SolutionGuid = {15A6F31F-8B1C-43A3-B2A1-03F1EB23C03E}
	EndGlobalSection
EndGlobal
